// !$*UTF8*$!
{
	archiveVersion = 1;
	classes = {
	};
	objectVersion = 46;
	objects = {

/* Begin PBXBuildFile section */
		0A31E5DA161392C100D88DF9 /* CocoaLumberjack in Resources */ = {isa = PBXBuildFile; fileRef = 0A31E5D9161392C100D88DF9 /* CocoaLumberjack */; };
		0A31E5DB161392C100D88DF9 /* CocoaLumberjack in Resources */ = {isa = PBXBuildFile; fileRef = 0A31E5D9161392C100D88DF9 /* CocoaLumberjack */; };
		0A31E5DE161392F900D88DF9 /* CocoaAsyncSocket in Resources */ = {isa = PBXBuildFile; fileRef = 0A31E5DD161392F900D88DF9 /* CocoaAsyncSocket */; };
		0A31E5DF161392F900D88DF9 /* CocoaAsyncSocket in Resources */ = {isa = PBXBuildFile; fileRef = 0A31E5DD161392F900D88DF9 /* CocoaAsyncSocket */; };
		0A31E5E21613931C00D88DF9 /* CFNetwork.framework in Frameworks */ = {isa = PBXBuildFile; fileRef = 0A31E5E01613931C00D88DF9 /* CFNetwork.framework */; };
		0A31E5E31613931C00D88DF9 /* Security.framework in Frameworks */ = {isa = PBXBuildFile; fileRef = 0A31E5E11613931C00D88DF9 /* Security.framework */; };
		0A31E5E81613940200D88DF9 /* KissXML in Resources */ = {isa = PBXBuildFile; fileRef = 0A31E5E71613940200D88DF9 /* KissXML */; };
		0A31E5E91613940200D88DF9 /* KissXML in Resources */ = {isa = PBXBuildFile; fileRef = 0A31E5E71613940200D88DF9 /* KissXML */; };
		0A31E5ED1613942B00D88DF9 /* libidn.a in Frameworks */ = {isa = PBXBuildFile; fileRef = 0A31E5EB1613942B00D88DF9 /* libidn.a */; };
		0A31E5EE1613942C00D88DF9 /* libidn.a in Frameworks */ = {isa = PBXBuildFile; fileRef = 0A31E5EB1613942B00D88DF9 /* libidn.a */; };
		0A31E5F31613945500D88DF9 /* Authentication in Resources */ = {isa = PBXBuildFile; fileRef = 0A31E5EF1613945500D88DF9 /* Authentication */; };
		0A31E5F41613945500D88DF9 /* Authentication in Resources */ = {isa = PBXBuildFile; fileRef = 0A31E5EF1613945500D88DF9 /* Authentication */; };
		0A31E5F51613945500D88DF9 /* Categories in Resources */ = {isa = PBXBuildFile; fileRef = 0A31E5F01613945500D88DF9 /* Categories */; };
		0A31E5F61613945500D88DF9 /* Categories in Resources */ = {isa = PBXBuildFile; fileRef = 0A31E5F01613945500D88DF9 /* Categories */; };
		0A31E5F71613945500D88DF9 /* Core in Resources */ = {isa = PBXBuildFile; fileRef = 0A31E5F11613945500D88DF9 /* Core */; };
		0A31E5F81613945500D88DF9 /* Core in Resources */ = {isa = PBXBuildFile; fileRef = 0A31E5F11613945500D88DF9 /* Core */; };
		0A31E5F91613945500D88DF9 /* Utilities in Resources */ = {isa = PBXBuildFile; fileRef = 0A31E5F21613945500D88DF9 /* Utilities */; };
		0A31E5FA1613945500D88DF9 /* Utilities in Resources */ = {isa = PBXBuildFile; fileRef = 0A31E5F21613945500D88DF9 /* Utilities */; };
		0A31E5FC1613947900D88DF9 /* libresolv.dylib in Frameworks */ = {isa = PBXBuildFile; fileRef = 0A31E5FB1613947900D88DF9 /* libresolv.dylib */; };
		0A31E5FE161394A900D88DF9 /* XEP-0045 in Resources */ = {isa = PBXBuildFile; fileRef = 0A31E5FD161394A900D88DF9 /* XEP-0045 */; };
		0A31E5FF161394A900D88DF9 /* XEP-0045 in Resources */ = {isa = PBXBuildFile; fileRef = 0A31E5FD161394A900D88DF9 /* XEP-0045 */; };
		4DBE6E801613712200DDF8BC /* topBar.png in Resources */ = {isa = PBXBuildFile; fileRef = 4DBE6E7F1613712200DDF8BC /* topBar.png */; };
		4DBE6E851613784B00DDF8BC /* whiteSquare.png in Resources */ = {isa = PBXBuildFile; fileRef = 4DBE6E841613784B00DDF8BC /* whiteSquare.png */; };
		4DE6A440160FC14B005F7857 /* UIKit.framework in Frameworks */ = {isa = PBXBuildFile; fileRef = 4DE6A43F160FC14B005F7857 /* UIKit.framework */; };
		4DE6A442160FC14B005F7857 /* Foundation.framework in Frameworks */ = {isa = PBXBuildFile; fileRef = 4DE6A441160FC14B005F7857 /* Foundation.framework */; };
		4DE6A444160FC14B005F7857 /* CoreGraphics.framework in Frameworks */ = {isa = PBXBuildFile; fileRef = 4DE6A443160FC14B005F7857 /* CoreGraphics.framework */; };
		4DE6A44A160FC14B005F7857 /* InfoPlist.strings in Resources */ = {isa = PBXBuildFile; fileRef = 4DE6A448160FC14B005F7857 /* InfoPlist.strings */; };
		4DE6A44C160FC14B005F7857 /* main.m in Sources */ = {isa = PBXBuildFile; fileRef = 4DE6A44B160FC14B005F7857 /* main.m */; };
		4DE6A450160FC14B005F7857 /* OCAppDelegate.m in Sources */ = {isa = PBXBuildFile; fileRef = 4DE6A44F160FC14B005F7857 /* OCAppDelegate.m */; };
		4DE6A452160FC14B005F7857 /* Default.png in Resources */ = {isa = PBXBuildFile; fileRef = 4DE6A451160FC14B005F7857 /* Default.png */; };
		4DE6A454160FC14B005F7857 /* Default@2x.png in Resources */ = {isa = PBXBuildFile; fileRef = 4DE6A453160FC14B005F7857 /* Default@2x.png */; };
		4DE6A456160FC14B005F7857 /* Default-568h@2x.png in Resources */ = {isa = PBXBuildFile; fileRef = 4DE6A455160FC14B005F7857 /* Default-568h@2x.png */; };
		4DE6A459160FC14B005F7857 /* MainStoryboard_iPhone.storyboard in Resources */ = {isa = PBXBuildFile; fileRef = 4DE6A457160FC14B005F7857 /* MainStoryboard_iPhone.storyboard */; };
		4DE6A45C160FC14B005F7857 /* MainStoryboard_iPad.storyboard in Resources */ = {isa = PBXBuildFile; fileRef = 4DE6A45A160FC14B005F7857 /* MainStoryboard_iPad.storyboard */; };
		4DE6A45F160FC14B005F7857 /* OCViewController.m in Sources */ = {isa = PBXBuildFile; fileRef = 4DE6A45E160FC14B005F7857 /* OCViewController.m */; };
		4DE6A467160FC14B005F7857 /* SenTestingKit.framework in Frameworks */ = {isa = PBXBuildFile; fileRef = 4DE6A466160FC14B005F7857 /* SenTestingKit.framework */; };
		4DE6A468160FC14B005F7857 /* UIKit.framework in Frameworks */ = {isa = PBXBuildFile; fileRef = 4DE6A43F160FC14B005F7857 /* UIKit.framework */; };
		4DE6A469160FC14B005F7857 /* Foundation.framework in Frameworks */ = {isa = PBXBuildFile; fileRef = 4DE6A441160FC14B005F7857 /* Foundation.framework */; };
		4DE6A471160FC14B005F7857 /* InfoPlist.strings in Resources */ = {isa = PBXBuildFile; fileRef = 4DE6A46F160FC14B005F7857 /* InfoPlist.strings */; };
		4DE6A474160FC14B005F7857 /* iosCommTests.m in Sources */ = {isa = PBXBuildFile; fileRef = 4DE6A473160FC14B005F7857 /* iosCommTests.m */; };
/* End PBXBuildFile section */

/* Begin PBXContainerItemProxy section */
		4DE6A46A160FC14B005F7857 /* PBXContainerItemProxy */ = {
			isa = PBXContainerItemProxy;
			containerPortal = 4DE6A432160FC14B005F7857 /* Project object */;
			proxyType = 1;
			remoteGlobalIDString = 4DE6A43A160FC14B005F7857;
			remoteInfo = iosComm;
		};
/* End PBXContainerItemProxy section */

/* Begin PBXFileReference section */
		0A31E5D9161392C100D88DF9 /* CocoaLumberjack */ = {isa = PBXFileReference; lastKnownFileType = folder; path = CocoaLumberjack; sourceTree = "<group>"; };
		0A31E5DD161392F900D88DF9 /* CocoaAsyncSocket */ = {isa = PBXFileReference; lastKnownFileType = folder; path = CocoaAsyncSocket; sourceTree = "<group>"; };
		0A31E5E01613931C00D88DF9 /* CFNetwork.framework */ = {isa = PBXFileReference; lastKnownFileType = wrapper.framework; name = CFNetwork.framework; path = System/Library/Frameworks/CFNetwork.framework; sourceTree = SDKROOT; };
		0A31E5E11613931C00D88DF9 /* Security.framework */ = {isa = PBXFileReference; lastKnownFileType = wrapper.framework; name = Security.framework; path = System/Library/Frameworks/Security.framework; sourceTree = SDKROOT; };
		0A31E5E71613940200D88DF9 /* KissXML */ = {isa = PBXFileReference; lastKnownFileType = folder; path = KissXML; sourceTree = "<group>"; };
		0A31E5EA1613942B00D88DF9 /* idn-int.h */ = {isa = PBXFileReference; fileEncoding = 4; lastKnownFileType = sourcecode.c.h; path = "idn-int.h"; sourceTree = "<group>"; };
		0A31E5EB1613942B00D88DF9 /* libidn.a */ = {isa = PBXFileReference; lastKnownFileType = archive.ar; path = libidn.a; sourceTree = "<group>"; };
		0A31E5EC1613942B00D88DF9 /* stringprep.h */ = {isa = PBXFileReference; fileEncoding = 4; lastKnownFileType = sourcecode.c.h; path = stringprep.h; sourceTree = "<group>"; };
		0A31E5EF1613945500D88DF9 /* Authentication */ = {isa = PBXFileReference; lastKnownFileType = folder; path = Authentication; sourceTree = "<group>"; };
		0A31E5F01613945500D88DF9 /* Categories */ = {isa = PBXFileReference; lastKnownFileType = folder; path = Categories; sourceTree = "<group>"; };
		0A31E5F11613945500D88DF9 /* Core */ = {isa = PBXFileReference; lastKnownFileType = folder; path = Core; sourceTree = "<group>"; };
		0A31E5F21613945500D88DF9 /* Utilities */ = {isa = PBXFileReference; lastKnownFileType = folder; path = Utilities; sourceTree = "<group>"; };
		0A31E5FB1613947900D88DF9 /* libresolv.dylib */ = {isa = PBXFileReference; lastKnownFileType = "compiled.mach-o.dylib"; name = libresolv.dylib; path = usr/lib/libresolv.dylib; sourceTree = SDKROOT; };
		0A31E5FD161394A900D88DF9 /* XEP-0045 */ = {isa = PBXFileReference; lastKnownFileType = folder; path = "XEP-0045"; sourceTree = "<group>"; };
		4DBE6E7F1613712200DDF8BC /* topBar.png */ = {isa = PBXFileReference; lastKnownFileType = image.png; path = topBar.png; sourceTree = "<group>"; };
		4DBE6E841613784B00DDF8BC /* whiteSquare.png */ = {isa = PBXFileReference; lastKnownFileType = image.png; path = whiteSquare.png; sourceTree = "<group>"; };
		4DE6A43B160FC14B005F7857 /* iosComm.app */ = {isa = PBXFileReference; explicitFileType = wrapper.application; includeInIndex = 0; path = iosComm.app; sourceTree = BUILT_PRODUCTS_DIR; };
		4DE6A43F160FC14B005F7857 /* UIKit.framework */ = {isa = PBXFileReference; lastKnownFileType = wrapper.framework; name = UIKit.framework; path = System/Library/Frameworks/UIKit.framework; sourceTree = SDKROOT; };
		4DE6A441160FC14B005F7857 /* Foundation.framework */ = {isa = PBXFileReference; lastKnownFileType = wrapper.framework; name = Foundation.framework; path = System/Library/Frameworks/Foundation.framework; sourceTree = SDKROOT; };
		4DE6A443160FC14B005F7857 /* CoreGraphics.framework */ = {isa = PBXFileReference; lastKnownFileType = wrapper.framework; name = CoreGraphics.framework; path = System/Library/Frameworks/CoreGraphics.framework; sourceTree = SDKROOT; };
		4DE6A447160FC14B005F7857 /* iosComm-Info.plist */ = {isa = PBXFileReference; lastKnownFileType = text.plist.xml; path = "iosComm-Info.plist"; sourceTree = "<group>"; };
		4DE6A449160FC14B005F7857 /* en */ = {isa = PBXFileReference; lastKnownFileType = text.plist.strings; name = en; path = en.lproj/InfoPlist.strings; sourceTree = "<group>"; };
		4DE6A44B160FC14B005F7857 /* main.m */ = {isa = PBXFileReference; lastKnownFileType = sourcecode.c.objc; path = main.m; sourceTree = "<group>"; };
		4DE6A44D160FC14B005F7857 /* iosComm-Prefix.pch */ = {isa = PBXFileReference; lastKnownFileType = sourcecode.c.h; path = "iosComm-Prefix.pch"; sourceTree = "<group>"; };
		4DE6A44E160FC14B005F7857 /* OCAppDelegate.h */ = {isa = PBXFileReference; lastKnownFileType = sourcecode.c.h; path = OCAppDelegate.h; sourceTree = "<group>"; };
		4DE6A44F160FC14B005F7857 /* OCAppDelegate.m */ = {isa = PBXFileReference; lastKnownFileType = sourcecode.c.objc; path = OCAppDelegate.m; sourceTree = "<group>"; };
		4DE6A451160FC14B005F7857 /* Default.png */ = {isa = PBXFileReference; lastKnownFileType = image.png; path = Default.png; sourceTree = "<group>"; };
		4DE6A453160FC14B005F7857 /* Default@2x.png */ = {isa = PBXFileReference; lastKnownFileType = image.png; path = "Default@2x.png"; sourceTree = "<group>"; };
		4DE6A455160FC14B005F7857 /* Default-568h@2x.png */ = {isa = PBXFileReference; lastKnownFileType = image.png; path = "Default-568h@2x.png"; sourceTree = "<group>"; };
		4DE6A458160FC14B005F7857 /* en */ = {isa = PBXFileReference; lastKnownFileType = file.storyboard; name = en; path = en.lproj/MainStoryboard_iPhone.storyboard; sourceTree = "<group>"; };
		4DE6A45B160FC14B005F7857 /* en */ = {isa = PBXFileReference; lastKnownFileType = file.storyboard; name = en; path = en.lproj/MainStoryboard_iPad.storyboard; sourceTree = "<group>"; };
		4DE6A45D160FC14B005F7857 /* OCViewController.h */ = {isa = PBXFileReference; lastKnownFileType = sourcecode.c.h; path = OCViewController.h; sourceTree = "<group>"; };
		4DE6A45E160FC14B005F7857 /* OCViewController.m */ = {isa = PBXFileReference; lastKnownFileType = sourcecode.c.objc; path = OCViewController.m; sourceTree = "<group>"; };
		4DE6A465160FC14B005F7857 /* iosCommTests.octest */ = {isa = PBXFileReference; explicitFileType = wrapper.cfbundle; includeInIndex = 0; path = iosCommTests.octest; sourceTree = BUILT_PRODUCTS_DIR; };
		4DE6A466160FC14B005F7857 /* SenTestingKit.framework */ = {isa = PBXFileReference; lastKnownFileType = wrapper.framework; name = SenTestingKit.framework; path = Library/Frameworks/SenTestingKit.framework; sourceTree = DEVELOPER_DIR; };
		4DE6A46E160FC14B005F7857 /* iosCommTests-Info.plist */ = {isa = PBXFileReference; lastKnownFileType = text.plist.xml; path = "iosCommTests-Info.plist"; sourceTree = "<group>"; };
		4DE6A470160FC14B005F7857 /* en */ = {isa = PBXFileReference; lastKnownFileType = text.plist.strings; name = en; path = en.lproj/InfoPlist.strings; sourceTree = "<group>"; };
		4DE6A472160FC14B005F7857 /* iosCommTests.h */ = {isa = PBXFileReference; lastKnownFileType = sourcecode.c.h; path = iosCommTests.h; sourceTree = "<group>"; };
		4DE6A473160FC14B005F7857 /* iosCommTests.m */ = {isa = PBXFileReference; lastKnownFileType = sourcecode.c.objc; path = iosCommTests.m; sourceTree = "<group>"; };
/* End PBXFileReference section */

/* Begin PBXFrameworksBuildPhase section */
		4DE6A438160FC14B005F7857 /* Frameworks */ = {
			isa = PBXFrameworksBuildPhase;
			buildActionMask = 2147483647;
			files = (
				0A31E5FC1613947900D88DF9 /* libresolv.dylib in Frameworks */,
				0A31E5E21613931C00D88DF9 /* CFNetwork.framework in Frameworks */,
				0A31E5E31613931C00D88DF9 /* Security.framework in Frameworks */,
				4DE6A440160FC14B005F7857 /* UIKit.framework in Frameworks */,
				4DE6A442160FC14B005F7857 /* Foundation.framework in Frameworks */,
				4DE6A444160FC14B005F7857 /* CoreGraphics.framework in Frameworks */,
				0A31E5ED1613942B00D88DF9 /* libidn.a in Frameworks */,
			);
			runOnlyForDeploymentPostprocessing = 0;
		};
		4DE6A461160FC14B005F7857 /* Frameworks */ = {
			isa = PBXFrameworksBuildPhase;
			buildActionMask = 2147483647;
			files = (
				4DE6A467160FC14B005F7857 /* SenTestingKit.framework in Frameworks */,
				4DE6A468160FC14B005F7857 /* UIKit.framework in Frameworks */,
				4DE6A469160FC14B005F7857 /* Foundation.framework in Frameworks */,
				0A31E5EE1613942C00D88DF9 /* libidn.a in Frameworks */,
			);
			runOnlyForDeploymentPostprocessing = 0;
		};
/* End PBXFrameworksBuildPhase section */

/* Begin PBXGroup section */
		0A31E600161394D900D88DF9 /* XMPP */ = {
			isa = PBXGroup;
			children = (
				0A31E5FD161394A900D88DF9 /* XEP-0045 */,
				0A31E5FB1613947900D88DF9 /* libresolv.dylib */,
				0A31E5EF1613945500D88DF9 /* Authentication */,
				0A31E5F01613945500D88DF9 /* Categories */,
				0A31E5F11613945500D88DF9 /* Core */,
				0A31E5F21613945500D88DF9 /* Utilities */,
				0A31E5EA1613942B00D88DF9 /* idn-int.h */,
				0A31E5EB1613942B00D88DF9 /* libidn.a */,
				0A31E5EC1613942B00D88DF9 /* stringprep.h */,
				0A31E5E71613940200D88DF9 /* KissXML */,
				0A31E5E01613931C00D88DF9 /* CFNetwork.framework */,
				0A31E5E11613931C00D88DF9 /* Security.framework */,
				0A31E5DD161392F900D88DF9 /* CocoaAsyncSocket */,
				0A31E5D9161392C100D88DF9 /* CocoaLumberjack */,
			);
			name = XMPP;
			sourceTree = "<group>";
		};
		4DE6A430160FC14B005F7857 = {
			isa = PBXGroup;
			children = (
				0A31E600161394D900D88DF9 /* XMPP */,
				4DE6A445160FC14B005F7857 /* iosComm */,
				4DE6A46C160FC14B005F7857 /* iosCommTests */,
				4DE6A43E160FC14B005F7857 /* Frameworks */,
				4DE6A43C160FC14B005F7857 /* Products */,
			);
			sourceTree = "<group>";
		};
		4DE6A43C160FC14B005F7857 /* Products */ = {
			isa = PBXGroup;
			children = (
				4DE6A43B160FC14B005F7857 /* iosComm.app */,
				4DE6A465160FC14B005F7857 /* iosCommTests.octest */,
			);
			name = Products;
			sourceTree = "<group>";
		};
		4DE6A43E160FC14B005F7857 /* Frameworks */ = {
			isa = PBXGroup;
			children = (
				4DE6A43F160FC14B005F7857 /* UIKit.framework */,
				4DE6A441160FC14B005F7857 /* Foundation.framework */,
				4DE6A443160FC14B005F7857 /* CoreGraphics.framework */,
				4DE6A466160FC14B005F7857 /* SenTestingKit.framework */,
			);
			name = Frameworks;
			sourceTree = "<group>";
		};
		4DE6A445160FC14B005F7857 /* iosComm */ = {
			isa = PBXGroup;
			children = (
				4DBE6E841613784B00DDF8BC /* whiteSquare.png */,
				4DBE6E7F1613712200DDF8BC /* topBar.png */,
				4DE6A44E160FC14B005F7857 /* OCAppDelegate.h */,
				4DE6A44F160FC14B005F7857 /* OCAppDelegate.m */,
				4DE6A457160FC14B005F7857 /* MainStoryboard_iPhone.storyboard */,
				4DE6A45A160FC14B005F7857 /* MainStoryboard_iPad.storyboard */,
				4DE6A45D160FC14B005F7857 /* OCViewController.h */,
				4DE6A45E160FC14B005F7857 /* OCViewController.m */,
				4DE6A446160FC14B005F7857 /* Supporting Files */,
			);
			path = iosComm;
			sourceTree = "<group>";
		};
		4DE6A446160FC14B005F7857 /* Supporting Files */ = {
			isa = PBXGroup;
			children = (
				4DE6A447160FC14B005F7857 /* iosComm-Info.plist */,
				4DE6A448160FC14B005F7857 /* InfoPlist.strings */,
				4DE6A44B160FC14B005F7857 /* main.m */,
				4DE6A44D160FC14B005F7857 /* iosComm-Prefix.pch */,
				4DE6A451160FC14B005F7857 /* Default.png */,
				4DE6A453160FC14B005F7857 /* Default@2x.png */,
				4DE6A455160FC14B005F7857 /* Default-568h@2x.png */,
			);
			name = "Supporting Files";
			sourceTree = "<group>";
		};
		4DE6A46C160FC14B005F7857 /* iosCommTests */ = {
			isa = PBXGroup;
			children = (
				4DE6A472160FC14B005F7857 /* iosCommTests.h */,
				4DE6A473160FC14B005F7857 /* iosCommTests.m */,
				4DE6A46D160FC14B005F7857 /* Supporting Files */,
			);
			path = iosCommTests;
			sourceTree = "<group>";
		};
		4DE6A46D160FC14B005F7857 /* Supporting Files */ = {
			isa = PBXGroup;
			children = (
				4DE6A46E160FC14B005F7857 /* iosCommTests-Info.plist */,
				4DE6A46F160FC14B005F7857 /* InfoPlist.strings */,
			);
			name = "Supporting Files";
			sourceTree = "<group>";
		};
/* End PBXGroup section */

/* Begin PBXNativeTarget section */
		4DE6A43A160FC14B005F7857 /* iosComm */ = {
			isa = PBXNativeTarget;
			buildConfigurationList = 4DE6A477160FC14B005F7857 /* Build configuration list for PBXNativeTarget "iosComm" */;
			buildPhases = (
				4DE6A437160FC14B005F7857 /* Sources */,
				4DE6A438160FC14B005F7857 /* Frameworks */,
				4DE6A439160FC14B005F7857 /* Resources */,
			);
			buildRules = (
			);
			dependencies = (
			);
			name = iosComm;
			productName = iosComm;
			productReference = 4DE6A43B160FC14B005F7857 /* iosComm.app */;
			productType = "com.apple.product-type.application";
		};
		4DE6A464160FC14B005F7857 /* iosCommTests */ = {
			isa = PBXNativeTarget;
			buildConfigurationList = 4DE6A47A160FC14B005F7857 /* Build configuration list for PBXNativeTarget "iosCommTests" */;
			buildPhases = (
				4DE6A460160FC14B005F7857 /* Sources */,
				4DE6A461160FC14B005F7857 /* Frameworks */,
				4DE6A462160FC14B005F7857 /* Resources */,
				4DE6A463160FC14B005F7857 /* ShellScript */,
			);
			buildRules = (
			);
			dependencies = (
				4DE6A46B160FC14B005F7857 /* PBXTargetDependency */,
			);
			name = iosCommTests;
			productName = iosCommTests;
			productReference = 4DE6A465160FC14B005F7857 /* iosCommTests.octest */;
			productType = "com.apple.product-type.bundle";
		};
/* End PBXNativeTarget section */

/* Begin PBXProject section */
		4DE6A432160FC14B005F7857 /* Project object */ = {
			isa = PBXProject;
			attributes = {
				CLASSPREFIX = OC;
				LastUpgradeCheck = 0450;
				ORGANIZATIONNAME = OpenComm;
			};
			buildConfigurationList = 4DE6A435160FC14B005F7857 /* Build configuration list for PBXProject "iosComm" */;
			compatibilityVersion = "Xcode 3.2";
			developmentRegion = English;
			hasScannedForEncodings = 0;
			knownRegions = (
				en,
			);
			mainGroup = 4DE6A430160FC14B005F7857;
			productRefGroup = 4DE6A43C160FC14B005F7857 /* Products */;
			projectDirPath = "";
			projectRoot = "";
			targets = (
				4DE6A43A160FC14B005F7857 /* iosComm */,
				4DE6A464160FC14B005F7857 /* iosCommTests */,
			);
		};
/* End PBXProject section */

/* Begin PBXResourcesBuildPhase section */
		4DE6A439160FC14B005F7857 /* Resources */ = {
			isa = PBXResourcesBuildPhase;
			buildActionMask = 2147483647;
			files = (
				4DE6A44A160FC14B005F7857 /* InfoPlist.strings in Resources */,
				4DE6A452160FC14B005F7857 /* Default.png in Resources */,
				4DE6A454160FC14B005F7857 /* Default@2x.png in Resources */,
				4DE6A456160FC14B005F7857 /* Default-568h@2x.png in Resources */,
				4DE6A459160FC14B005F7857 /* MainStoryboard_iPhone.storyboard in Resources */,
				4DE6A45C160FC14B005F7857 /* MainStoryboard_iPad.storyboard in Resources */,
				4DBE6E801613712200DDF8BC /* topBar.png in Resources */,
				4DBE6E851613784B00DDF8BC /* whiteSquare.png in Resources */,
				0A31E5DA161392C100D88DF9 /* CocoaLumberjack in Resources */,
				0A31E5DE161392F900D88DF9 /* CocoaAsyncSocket in Resources */,
				0A31E5E81613940200D88DF9 /* KissXML in Resources */,
				0A31E5F31613945500D88DF9 /* Authentication in Resources */,
				0A31E5F51613945500D88DF9 /* Categories in Resources */,
				0A31E5F71613945500D88DF9 /* Core in Resources */,
				0A31E5F91613945500D88DF9 /* Utilities in Resources */,
				0A31E5FE161394A900D88DF9 /* XEP-0045 in Resources */,
			);
			runOnlyForDeploymentPostprocessing = 0;
		};
		4DE6A462160FC14B005F7857 /* Resources */ = {
			isa = PBXResourcesBuildPhase;
			buildActionMask = 2147483647;
			files = (
				4DE6A471160FC14B005F7857 /* InfoPlist.strings in Resources */,
				0A31E5DB161392C100D88DF9 /* CocoaLumberjack in Resources */,
				0A31E5DF161392F900D88DF9 /* CocoaAsyncSocket in Resources */,
				0A31E5E91613940200D88DF9 /* KissXML in Resources */,
				0A31E5F41613945500D88DF9 /* Authentication in Resources */,
				0A31E5F61613945500D88DF9 /* Categories in Resources */,
				0A31E5F81613945500D88DF9 /* Core in Resources */,
				0A31E5FA1613945500D88DF9 /* Utilities in Resources */,
				0A31E5FF161394A900D88DF9 /* XEP-0045 in Resources */,
			);
			runOnlyForDeploymentPostprocessing = 0;
		};
/* End PBXResourcesBuildPhase section */

/* Begin PBXShellScriptBuildPhase section */
		4DE6A463160FC14B005F7857 /* ShellScript */ = {
			isa = PBXShellScriptBuildPhase;
			buildActionMask = 2147483647;
			files = (
			);
			inputPaths = (
			);
			outputPaths = (
			);
			runOnlyForDeploymentPostprocessing = 0;
			shellPath = /bin/sh;
			shellScript = "# Run the unit tests in this test bundle.\n\"${SYSTEM_DEVELOPER_DIR}/Tools/RunUnitTests\"\n";
		};
/* End PBXShellScriptBuildPhase section */

/* Begin PBXSourcesBuildPhase section */
		4DE6A437160FC14B005F7857 /* Sources */ = {
			isa = PBXSourcesBuildPhase;
			buildActionMask = 2147483647;
			files = (
				4DE6A44C160FC14B005F7857 /* main.m in Sources */,
				4DE6A450160FC14B005F7857 /* OCAppDelegate.m in Sources */,
				4DE6A45F160FC14B005F7857 /* OCViewController.m in Sources */,
			);
			runOnlyForDeploymentPostprocessing = 0;
		};
		4DE6A460160FC14B005F7857 /* Sources */ = {
			isa = PBXSourcesBuildPhase;
			buildActionMask = 2147483647;
			files = (
				4DE6A474160FC14B005F7857 /* iosCommTests.m in Sources */,
			);
			runOnlyForDeploymentPostprocessing = 0;
		};
/* End PBXSourcesBuildPhase section */

/* Begin PBXTargetDependency section */
		4DE6A46B160FC14B005F7857 /* PBXTargetDependency */ = {
			isa = PBXTargetDependency;
			target = 4DE6A43A160FC14B005F7857 /* iosComm */;
			targetProxy = 4DE6A46A160FC14B005F7857 /* PBXContainerItemProxy */;
		};
/* End PBXTargetDependency section */

/* Begin PBXVariantGroup section */
		4DE6A448160FC14B005F7857 /* InfoPlist.strings */ = {
			isa = PBXVariantGroup;
			children = (
				4DE6A449160FC14B005F7857 /* en */,
			);
			name = InfoPlist.strings;
			sourceTree = "<group>";
		};
		4DE6A457160FC14B005F7857 /* MainStoryboard_iPhone.storyboard */ = {
			isa = PBXVariantGroup;
			children = (
				4DE6A458160FC14B005F7857 /* en */,
			);
			name = MainStoryboard_iPhone.storyboard;
			sourceTree = "<group>";
		};
		4DE6A45A160FC14B005F7857 /* MainStoryboard_iPad.storyboard */ = {
			isa = PBXVariantGroup;
			children = (
				4DE6A45B160FC14B005F7857 /* en */,
			);
			name = MainStoryboard_iPad.storyboard;
			sourceTree = "<group>";
		};
		4DE6A46F160FC14B005F7857 /* InfoPlist.strings */ = {
			isa = PBXVariantGroup;
			children = (
				4DE6A470160FC14B005F7857 /* en */,
			);
			name = InfoPlist.strings;
			sourceTree = "<group>";
		};
/* End PBXVariantGroup section */

/* Begin XCBuildConfiguration section */
		4DE6A475160FC14B005F7857 /* Debug */ = {
			isa = XCBuildConfiguration;
			buildSettings = {
				ALWAYS_SEARCH_USER_PATHS = NO;
				CLANG_CXX_LANGUAGE_STANDARD = "gnu++0x";
				CLANG_CXX_LIBRARY = "libc++";
				CLANG_ENABLE_OBJC_ARC = YES;
				CLANG_WARN_EMPTY_BODY = YES;
				CLANG_WARN__DUPLICATE_METHOD_MATCH = YES;
				"CODE_SIGN_IDENTITY[sdk=iphoneos*]" = "iPhone Developer";
				COPY_PHASE_STRIP = NO;
				GCC_C_LANGUAGE_STANDARD = gnu99;
				GCC_DYNAMIC_NO_PIC = NO;
				GCC_OPTIMIZATION_LEVEL = 0;
				GCC_PREPROCESSOR_DEFINITIONS = (
					"DEBUG=1",
					"$(inherited)",
				);
				GCC_SYMBOLS_PRIVATE_EXTERN = NO;
				GCC_WARN_ABOUT_RETURN_TYPE = YES;
				GCC_WARN_UNINITIALIZED_AUTOS = YES;
				GCC_WARN_UNUSED_VARIABLE = YES;
				IPHONEOS_DEPLOYMENT_TARGET = 6.0;
				SDKROOT = iphoneos;
				TARGETED_DEVICE_FAMILY = "1,2";
			};
			name = Debug;
		};
		4DE6A476160FC14B005F7857 /* Release */ = {
			isa = XCBuildConfiguration;
			buildSettings = {
				ALWAYS_SEARCH_USER_PATHS = NO;
				CLANG_CXX_LANGUAGE_STANDARD = "gnu++0x";
				CLANG_CXX_LIBRARY = "libc++";
				CLANG_ENABLE_OBJC_ARC = YES;
				CLANG_WARN_EMPTY_BODY = YES;
				CLANG_WARN__DUPLICATE_METHOD_MATCH = YES;
				"CODE_SIGN_IDENTITY[sdk=iphoneos*]" = "iPhone Developer";
				COPY_PHASE_STRIP = YES;
				GCC_C_LANGUAGE_STANDARD = gnu99;
				GCC_WARN_ABOUT_RETURN_TYPE = YES;
				GCC_WARN_UNINITIALIZED_AUTOS = YES;
				GCC_WARN_UNUSED_VARIABLE = YES;
				IPHONEOS_DEPLOYMENT_TARGET = 6.0;
				OTHER_CFLAGS = "-DNS_BLOCK_ASSERTIONS=1";
				SDKROOT = iphoneos;
				TARGETED_DEVICE_FAMILY = "1,2";
				VALIDATE_PRODUCT = YES;
			};
			name = Release;
		};
		4DE6A478160FC14B005F7857 /* Debug */ = {
			isa = XCBuildConfiguration;
			buildSettings = {
				GCC_PRECOMPILE_PREFIX_HEADER = YES;
				GCC_PREFIX_HEADER = "iosComm/iosComm-Prefix.pch";
				HEADER_SEARCH_PATHS = /usr/include/libxml2;
				INFOPLIST_FILE = "iosComm/iosComm-Info.plist";
				LIBRARY_SEARCH_PATHS = (
					"$(inherited)",
					"\"$(SRCROOT)\"",
				);
				OTHER_LDFLAGS = "-lxml2";
				PRODUCT_NAME = "$(TARGET_NAME)";
				WRAPPER_EXTENSION = app;
			};
			name = Debug;
		};
		4DE6A479160FC14B005F7857 /* Release */ = {
			isa = XCBuildConfiguration;
			buildSettings = {
				GCC_PRECOMPILE_PREFIX_HEADER = YES;
				GCC_PREFIX_HEADER = "iosComm/iosComm-Prefix.pch";
				HEADER_SEARCH_PATHS = /usr/include/libxml2;
				INFOPLIST_FILE = "iosComm/iosComm-Info.plist";
				LIBRARY_SEARCH_PATHS = (
					"$(inherited)",
					"\"$(SRCROOT)\"",
				);
				OTHER_LDFLAGS = "-lxml2";
				PRODUCT_NAME = "$(TARGET_NAME)";
				WRAPPER_EXTENSION = app;
			};
			name = Release;
		};
		4DE6A47B160FC14B005F7857 /* Debug */ = {
			isa = XCBuildConfiguration;
			buildSettings = {
				BUNDLE_LOADER = "$(BUILT_PRODUCTS_DIR)/iosComm.app/iosComm";
				FRAMEWORK_SEARCH_PATHS = (
					"\"$(SDKROOT)/Developer/Library/Frameworks\"",
					"\"$(DEVELOPER_LIBRARY_DIR)/Frameworks\"",
				);
				GCC_PRECOMPILE_PREFIX_HEADER = YES;
				GCC_PREFIX_HEADER = "iosComm/iosComm-Prefix.pch";
				INFOPLIST_FILE = "iosCommTests/iosCommTests-Info.plist";
				LIBRARY_SEARCH_PATHS = (
					"$(inherited)",
					"\"$(SRCROOT)\"",
				);
				PRODUCT_NAME = "$(TARGET_NAME)";
				TEST_HOST = "$(BUNDLE_LOADER)";
				WRAPPER_EXTENSION = octest;
			};
			name = Debug;
		};
		4DE6A47C160FC14B005F7857 /* Release */ = {
			isa = XCBuildConfiguration;
			buildSettings = {
				BUNDLE_LOADER = "$(BUILT_PRODUCTS_DIR)/iosComm.app/iosComm";
				FRAMEWORK_SEARCH_PATHS = (
					"\"$(SDKROOT)/Developer/Library/Frameworks\"",
					"\"$(DEVELOPER_LIBRARY_DIR)/Frameworks\"",
				);
				GCC_PRECOMPILE_PREFIX_HEADER = YES;
				GCC_PREFIX_HEADER = "iosComm/iosComm-Prefix.pch";
				INFOPLIST_FILE = "iosCommTests/iosCommTests-Info.plist";
				LIBRARY_SEARCH_PATHS = (
					"$(inherited)",
					"\"$(SRCROOT)\"",
				);
				PRODUCT_NAME = "$(TARGET_NAME)";
				TEST_HOST = "$(BUNDLE_LOADER)";
				WRAPPER_EXTENSION = octest;
			};
			name = Release;
		};
/* End XCBuildConfiguration section */

/* Begin XCConfigurationList section */
		4DE6A435160FC14B005F7857 /* Build configuration list for PBXProject "iosComm" */ = {
			isa = XCConfigurationList;
			buildConfigurations = (
				4DE6A475160FC14B005F7857 /* Debug */,
				4DE6A476160FC14B005F7857 /* Release */,
			);
			defaultConfigurationIsVisible = 0;
			defaultConfigurationName = Release;
		};
		4DE6A477160FC14B005F7857 /* Build configuration list for PBXNativeTarget "iosComm" */ = {
			isa = XCConfigurationList;
			buildConfigurations = (
				4DE6A478160FC14B005F7857 /* Debug */,
				4DE6A479160FC14B005F7857 /* Release */,
			);
			defaultConfigurationIsVisible = 0;
			defaultConfigurationName = Release;
		};
		4DE6A47A160FC14B005F7857 /* Build configuration list for PBXNativeTarget "iosCommTests" */ = {
			isa = XCConfigurationList;
			buildConfigurations = (
				4DE6A47B160FC14B005F7857 /* Debug */,
				4DE6A47C160FC14B005F7857 /* Release */,
			);
			defaultConfigurationIsVisible = 0;
			defaultConfigurationName = Release;
		};
/* End XCConfigurationList section */
	};
	rootObject = 4DE6A432160FC14B005F7857 /* Project object */;
}
